
Microsoft Visual Studio Solution File, Format Version 12.00
# Visual Studio 2012
Project("{FAE04EC0-301F-11D3-BF4B-00C04F79EFBC}") = "SudokuTests", "Tests\SudokuTests.csproj", "{F719E206-5335-45B0-8B4C-B1ED03988479}"
EndProject
Project("{FAE04EC0-301F-11D3-BF4B-00C04F79EFBC}") = "SudokuSolver", "Sudoku\SudokuSolver.csproj", "{AA63BE18-9E68-4D59-879D-F718EAC24D96}"
EndProject
Global
	GlobalSection(SolutionConfigurationPlatforms) = preSolution
		Debug|Any CPU = Debug|Any CPU
		Release|Any CPU = Release|Any CPU
	EndGlobalSection
	GlobalSection(ProjectConfigurationPlatforms) = postSolution
		{AA63BE18-9E68-4D59-879D-F718EAC24D96}.Debug|Any CPU.ActiveCfg = Debug|Any CPU
		{AA63BE18-9E68-4D59-879D-F718EAC24D96}.Debug|Any CPU.Build.0 = Debug|Any CPU
		{AA63BE18-9E68-4D59-879D-F718EAC24D96}.Release|Any CPU.ActiveCfg = Release|Any CPU
		{AA63BE18-9E68-4D59-879D-F718EAC24D96}.Release|Any CPU.Build.0 = Release|Any CPU
		{F719E206-5335-45B0-8B4C-B1ED03988479}.Debug|Any CPU.ActiveCfg = Debug|Any CPU
		{F719E206-5335-45B0-8B4C-B1ED03988479}.Debug|Any CPU.Build.0 = Debug|Any CPU
		{F719E206-5335-45B0-8B4C-B1ED03988479}.Release|Any CPU.ActiveCfg = Release|Any CPU
		{F719E206-5335-45B0-8B4C-B1ED03988479}.Release|Any CPU.Build.0 = Release|Any CPU
	EndGlobalSection
	GlobalSection(MonoDevelopProperties) = preSolution
		Policies = $0
		$0.DotNetNamingPolicy = $1
		$1.DirectoryNamespaceAssociation = None
		$1.ResourceNamePolicy = FileFormatDefault
		$0.TextStylePolicy = $2
		$2.inheritsSet = VisualStudio
		$2.inheritsScope = text/plain
		$2.scope = text/plain
		$0.TextStylePolicy = $3
		$3.inheritsSet = Mono
		$3.inheritsScope = text/plain
		$3.scope = application/config+xml
		$0.XmlFormattingPolicy = $4
		$4.inheritsSet = Mono
		$4.inheritsScope = application/xml
		$4.scope = application/config+xml
		$0.TextStylePolicy = $5
		$5.inheritsSet = Mono
		$5.inheritsScope = text/plain
		$5.scope = application/xml
		$0.XmlFormattingPolicy = $6
		$6.inheritsSet = Mono
		$6.inheritsScope = application/xml
		$6.scope = application/xml
		$0.TextStylePolicy = $7
		$7.inheritsSet = VisualStudio
		$7.inheritsScope = text/plain
		$7.scope = text/x-csharp
		$0.CSharpFormattingPolicy = $8
		$8.IndentSwitchBody = True
		$8.IndentBlocksInsideExpressions = True
		$8.AnonymousMethodBraceStyle = NextLine
		$8.PropertyBraceStyle = NextLine
		$8.PropertyGetBraceStyle = NextLine
		$8.PropertySetBraceStyle = NextLine
		$8.EventBraceStyle = NextLine
		$8.EventAddBraceStyle = NextLine
		$8.EventRemoveBraceStyle = NextLine
		$8.StatementBraceStyle = NextLine
		$8.ElseNewLinePlacement = NewLine
		$8.CatchNewLinePlacement = NewLine
		$8.FinallyNewLinePlacement = NewLine
		$8.WhileNewLinePlacement = DoNotCare
		$8.ArrayInitializerWrapping = DoNotChange
		$8.ArrayInitializerBraceStyle = NextLine
		$8.BeforeMethodDeclarationParentheses = False
		$8.BeforeMethodCallParentheses = False
		$8.BeforeConstructorDeclarationParentheses = False
		$8.NewLineBeforeConstructorInitializerColon = NewLine
		$8.NewLineAfterConstructorInitializerColon = SameLine
		$8.BeforeDelegateDeclarationParentheses = False
		$8.NewParentheses = False
		$8.SpacesBeforeBrackets = False
		$8.inheritsSet = Mono
		$8.inheritsScope = text/x-csharp
		$8.scope = text/x-csharp
	EndGlobalSection
EndGlobal
